// !$*UTF8*$!
{
	archiveVersion = 1;
	classes = {
	};
	objectVersion = 46;
	objects = {

/* Begin PBXBuildFile section */
		DC0E0DFB1F664C3D0013617E /* DrillsModel.swift in Sources */ = {isa = PBXBuildFile; fileRef = DC0E0DFA1F664C3D0013617E /* DrillsModel.swift */; };
		DC0E0DFC1F664C3D0013617E /* DrillsModel.swift in Sources */ = {isa = PBXBuildFile; fileRef = DC0E0DFA1F664C3D0013617E /* DrillsModel.swift */; };
		DC0E0DFD1F664C3D0013617E /* DrillsModel.swift in Sources */ = {isa = PBXBuildFile; fileRef = DC0E0DFA1F664C3D0013617E /* DrillsModel.swift */; };
		DC0E0DFF1F664C4C0013617E /* CategoryModel.swift in Sources */ = {isa = PBXBuildFile; fileRef = DC0E0DFE1F664C4C0013617E /* CategoryModel.swift */; };
		DC0E0E001F664C4C0013617E /* CategoryModel.swift in Sources */ = {isa = PBXBuildFile; fileRef = DC0E0DFE1F664C4C0013617E /* CategoryModel.swift */; };
		DC0E0E011F664C4C0013617E /* CategoryModel.swift in Sources */ = {isa = PBXBuildFile; fileRef = DC0E0DFE1F664C4C0013617E /* CategoryModel.swift */; };
		DC48489D1F9BD3FE00E6BCE5 /* AddToFolder1.png in Resources */ = {isa = PBXBuildFile; fileRef = DC4848751F9BD3FE00E6BCE5 /* AddToFolder1.png */; };
		DC48489E1F9BD3FF00E6BCE5 /* AddToFolder2.png in Resources */ = {isa = PBXBuildFile; fileRef = DC4848761F9BD3FE00E6BCE5 /* AddToFolder2.png */; };
		DC48489F1F9BD3FF00E6BCE5 /* AddToFolder3.png in Resources */ = {isa = PBXBuildFile; fileRef = DC4848771F9BD3FE00E6BCE5 /* AddToFolder3.png */; };
		DC4848A01F9BD3FF00E6BCE5 /* AddToFolder4.png in Resources */ = {isa = PBXBuildFile; fileRef = DC4848781F9BD3FE00E6BCE5 /* AddToFolder4.png */; };
		DC4848A11F9BD3FF00E6BCE5 /* AddToFolder5.jpeg in Resources */ = {isa = PBXBuildFile; fileRef = DC4848791F9BD3FE00E6BCE5 /* AddToFolder5.jpeg */; };
		DC4848A21F9BD3FF00E6BCE5 /* AddToFolder6.png in Resources */ = {isa = PBXBuildFile; fileRef = DC48487A1F9BD3FE00E6BCE5 /* AddToFolder6.png */; };
		DC4848A31F9BD3FF00E6BCE5 /* AddToFolder7.png in Resources */ = {isa = PBXBuildFile; fileRef = DC48487B1F9BD3FE00E6BCE5 /* AddToFolder7.png */; };
		DC4848A41F9BD3FF00E6BCE5 /* hamburgermenu.png in Resources */ = {isa = PBXBuildFile; fileRef = DC48487D1F9BD3FE00E6BCE5 /* hamburgermenu.png */; };
		DC4848A61F9BD3FF00E6BCE5 /* hamburgermenu3.png in Resources */ = {isa = PBXBuildFile; fileRef = DC48487F1F9BD3FE00E6BCE5 /* hamburgermenu3.png */; };
		DC4848A81F9BD3FF00E6BCE5 /* hamburgermenu5.png in Resources */ = {isa = PBXBuildFile; fileRef = DC4848811F9BD3FE00E6BCE5 /* hamburgermenu5.png */; };
		DC4848A91F9BD3FF00E6BCE5 /* hamburgermenu6.png in Resources */ = {isa = PBXBuildFile; fileRef = DC4848821F9BD3FE00E6BCE5 /* hamburgermenu6.png */; };
		DC4848AA1F9BD3FF00E6BCE5 /* hamburgermenu7.jpeg in Resources */ = {isa = PBXBuildFile; fileRef = DC4848831F9BD3FE00E6BCE5 /* hamburgermenu7.jpeg */; };
		DC4848AB1F9BD3FF00E6BCE5 /* hamburgermenu8.jpeg in Resources */ = {isa = PBXBuildFile; fileRef = DC4848841F9BD3FE00E6BCE5 /* hamburgermenu8.jpeg */; };
		DC4848AC1F9BD3FF00E6BCE5 /* HomePageicon1.png in Resources */ = {isa = PBXBuildFile; fileRef = DC4848861F9BD3FE00E6BCE5 /* HomePageicon1.png */; };
		DC4848AD1F9BD3FF00E6BCE5 /* HomePageicon2.jpeg in Resources */ = {isa = PBXBuildFile; fileRef = DC4848871F9BD3FE00E6BCE5 /* HomePageicon2.jpeg */; };
		DC4848AE1F9BD3FF00E6BCE5 /* HomePageicon3.jpeg in Resources */ = {isa = PBXBuildFile; fileRef = DC4848881F9BD3FE00E6BCE5 /* HomePageicon3.jpeg */; };
		DC4848AF1F9BD3FF00E6BCE5 /* HomePageicon4.png in Resources */ = {isa = PBXBuildFile; fileRef = DC4848891F9BD3FE00E6BCE5 /* HomePageicon4.png */; };
		DC4848B01F9BD3FF00E6BCE5 /* HomePageicon5.jpeg in Resources */ = {isa = PBXBuildFile; fileRef = DC48488A1F9BD3FE00E6BCE5 /* HomePageicon5.jpeg */; };
		DC4848B11F9BD3FF00E6BCE5 /* HomePageicon6.png in Resources */ = {isa = PBXBuildFile; fileRef = DC48488B1F9BD3FE00E6BCE5 /* HomePageicon6.png */; };
		DC4848B21F9BD3FF00E6BCE5 /* HomePageicon7.png in Resources */ = {isa = PBXBuildFile; fileRef = DC48488C1F9BD3FE00E6BCE5 /* HomePageicon7.png */; };
		DC4848B31F9BD3FF00E6BCE5 /* image_profile.jpeg in Resources */ = {isa = PBXBuildFile; fileRef = DC48488D1F9BD3FE00E6BCE5 /* image_profile.jpeg */; };
		DC4848B41F9BD3FF00E6BCE5 /* image_profile2.png in Resources */ = {isa = PBXBuildFile; fileRef = DC48488E1F9BD3FE00E6BCE5 /* image_profile2.png */; };
		DC4848B51F9BD3FF00E6BCE5 /* image_profile3.jpeg in Resources */ = {isa = PBXBuildFile; fileRef = DC48488F1F9BD3FE00E6BCE5 /* image_profile3.jpeg */; };
		DC4848B61F9BD3FF00E6BCE5 /* image_profile4.png in Resources */ = {isa = PBXBuildFile; fileRef = DC4848901F9BD3FE00E6BCE5 /* image_profile4.png */; };
		DC4848B71F9BD3FF00E6BCE5 /* image_profile5.jpeg in Resources */ = {isa = PBXBuildFile; fileRef = DC4848911F9BD3FE00E6BCE5 /* image_profile5.jpeg */; };
		DC4848B81F9BD3FF00E6BCE5 /* images_power.png in Resources */ = {isa = PBXBuildFile; fileRef = DC4848921F9BD3FE00E6BCE5 /* images_power.png */; };
		DC4848B91F9BD3FF00E6BCE5 /* searchIcon.png in Resources */ = {isa = PBXBuildFile; fileRef = DC4848941F9BD3FE00E6BCE5 /* searchIcon.png */; };
		DC4848BA1F9BD3FF00E6BCE5 /* searchIcon2.png in Resources */ = {isa = PBXBuildFile; fileRef = DC4848951F9BD3FE00E6BCE5 /* searchIcon2.png */; };
		DC4848BB1F9BD3FF00E6BCE5 /* searchIcon3.png in Resources */ = {isa = PBXBuildFile; fileRef = DC4848961F9BD3FE00E6BCE5 /* searchIcon3.png */; };
		DC4848BC1F9BD3FF00E6BCE5 /* searchIcon4.jpeg in Resources */ = {isa = PBXBuildFile; fileRef = DC4848971F9BD3FE00E6BCE5 /* searchIcon4.jpeg */; };
		DC4848BD1F9BD3FF00E6BCE5 /* searchIcon5.jpeg in Resources */ = {isa = PBXBuildFile; fileRef = DC4848981F9BD3FE00E6BCE5 /* searchIcon5.jpeg */; };
		DC4848BE1F9BD3FF00E6BCE5 /* searchIcon6.jpeg in Resources */ = {isa = PBXBuildFile; fileRef = DC4848991F9BD3FE00E6BCE5 /* searchIcon6.jpeg */; };
		DC4848BF1F9BD3FF00E6BCE5 /* searchIcon7.png in Resources */ = {isa = PBXBuildFile; fileRef = DC48489A1F9BD3FE00E6BCE5 /* searchIcon7.png */; };
		DC4848C01F9BD3FF00E6BCE5 /* searchIcon8.png in Resources */ = {isa = PBXBuildFile; fileRef = DC48489B1F9BD3FE00E6BCE5 /* searchIcon8.png */; };
		DC4848C11F9BD3FF00E6BCE5 /* searchIcon9.png in Resources */ = {isa = PBXBuildFile; fileRef = DC48489C1F9BD3FE00E6BCE5 /* searchIcon9.png */; };
		DC4848C31F9BDAB000E6BCE5 /* home_button50.png in Resources */ = {isa = PBXBuildFile; fileRef = DC4848C21F9BDAB000E6BCE5 /* home_button50.png */; };
		DC4848C71F9D179700E6BCE5 /* Utility.swift in Sources */ = {isa = PBXBuildFile; fileRef = DC4848C61F9D179600E6BCE5 /* Utility.swift */; };
		DC4848C91F9EEA4600E6BCE5 /* ButtonLayerTriangle.swift in Sources */ = {isa = PBXBuildFile; fileRef = DC4848C81F9EEA4600E6BCE5 /* ButtonLayerTriangle.swift */; };
		DC4848CB1F9EED2C00E6BCE5 /* UIButtonCustom.swift in Sources */ = {isa = PBXBuildFile; fileRef = DC4848CA1F9EED2C00E6BCE5 /* UIButtonCustom.swift */; };
		DC4848CF1FA0417000E6BCE5 /* FeaturedView.swift in Sources */ = {isa = PBXBuildFile; fileRef = DC4848CD1FA0417000E6BCE5 /* FeaturedView.swift */; };
		DC4848D01FA0417000E6BCE5 /* FeaturedView.xib in Resources */ = {isa = PBXBuildFile; fileRef = DC4848CE1FA0417000E6BCE5 /* FeaturedView.xib */; };
		DC59A5DA1F538E67007CF44A /* AppDelegate.swift in Sources */ = {isa = PBXBuildFile; fileRef = DC59A5D91F538E67007CF44A /* AppDelegate.swift */; };
		DC59A5DC1F538E67007CF44A /* ViewController.swift in Sources */ = {isa = PBXBuildFile; fileRef = DC59A5DB1F538E67007CF44A /* ViewController.swift */; };
		DC59A5DF1F538E67007CF44A /* Main.storyboard in Resources */ = {isa = PBXBuildFile; fileRef = DC59A5DD1F538E67007CF44A /* Main.storyboard */; };
		DC59A5E11F538E67007CF44A /* Assets.xcassets in Resources */ = {isa = PBXBuildFile; fileRef = DC59A5E01F538E67007CF44A /* Assets.xcassets */; };
		DC59A5E41F538E67007CF44A /* LaunchScreen.storyboard in Resources */ = {isa = PBXBuildFile; fileRef = DC59A5E21F538E67007CF44A /* LaunchScreen.storyboard */; };
		DC59A5EF1F538E68007CF44A /* DrillBaseTests.swift in Sources */ = {isa = PBXBuildFile; fileRef = DC59A5EE1F538E68007CF44A /* DrillBaseTests.swift */; };
		DC59A5FA1F538E68007CF44A /* DrillBaseUITests.swift in Sources */ = {isa = PBXBuildFile; fileRef = DC59A5F91F538E68007CF44A /* DrillBaseUITests.swift */; };
		DC59A60C1F55415D007CF44A /* AccountDetailsBaseViewController.swift in Sources */ = {isa = PBXBuildFile; fileRef = DC59A60A1F55415D007CF44A /* AccountDetailsBaseViewController.swift */; };
		DC59A60D1F55415D007CF44A /* AccountDetailsBaseViewController.swift in Sources */ = {isa = PBXBuildFile; fileRef = DC59A60A1F55415D007CF44A /* AccountDetailsBaseViewController.swift */; };
		DC59A60E1F55415D007CF44A /* AccountDetailsBaseViewController.swift in Sources */ = {isa = PBXBuildFile; fileRef = DC59A60A1F55415D007CF44A /* AccountDetailsBaseViewController.swift */; };
		DC59A60F1F55415D007CF44A /* AccountDetailsBaseViewController.xib in Resources */ = {isa = PBXBuildFile; fileRef = DC59A60B1F55415D007CF44A /* AccountDetailsBaseViewController.xib */; };
		DC59A6101F55415D007CF44A /* AccountDetailsBaseViewController.xib in Resources */ = {isa = PBXBuildFile; fileRef = DC59A60B1F55415D007CF44A /* AccountDetailsBaseViewController.xib */; };
		DC59A6111F55415D007CF44A /* AccountDetailsBaseViewController.xib in Resources */ = {isa = PBXBuildFile; fileRef = DC59A60B1F55415D007CF44A /* AccountDetailsBaseViewController.xib */; };
		DC696AEB1FA181FC00F6BAEB /* NewDrillsVC.swift in Sources */ = {isa = PBXBuildFile; fileRef = DC696AE91FA181FC00F6BAEB /* NewDrillsVC.swift */; };
		DC696AEC1FA181FC00F6BAEB /* NewDrillsVC.xib in Resources */ = {isa = PBXBuildFile; fileRef = DC696AEA1FA181FC00F6BAEB /* NewDrillsVC.xib */; };
		DC6CD4C51F65BDEC001B77CE /* SportsDrillCategoryViewController.swift in Sources */ = {isa = PBXBuildFile; fileRef = DC6CD4C31F65BDEC001B77CE /* SportsDrillCategoryViewController.swift */; };
		DC6CD4C61F65BDEC001B77CE /* SportsDrillCategoryViewController.swift in Sources */ = {isa = PBXBuildFile; fileRef = DC6CD4C31F65BDEC001B77CE /* SportsDrillCategoryViewController.swift */; };
		DC6CD4C71F65BDEC001B77CE /* SportsDrillCategoryViewController.swift in Sources */ = {isa = PBXBuildFile; fileRef = DC6CD4C31F65BDEC001B77CE /* SportsDrillCategoryViewController.swift */; };
		DC6CD4CC1F65DB5A001B77CE /* BaseTabBarControllerViewController.swift in Sources */ = {isa = PBXBuildFile; fileRef = DC6CD4CB1F65DB5A001B77CE /* BaseTabBarControllerViewController.swift */; };
		DC6CD4CD1F65DB5A001B77CE /* BaseTabBarControllerViewController.swift in Sources */ = {isa = PBXBuildFile; fileRef = DC6CD4CB1F65DB5A001B77CE /* BaseTabBarControllerViewController.swift */; };
		DC6CD4CE1F65DB5A001B77CE /* BaseTabBarControllerViewController.swift in Sources */ = {isa = PBXBuildFile; fileRef = DC6CD4CB1F65DB5A001B77CE /* BaseTabBarControllerViewController.swift */; };
		DC6CD4DD1F65FF3E001B77CE /* SDCTableViewCell.swift in Sources */ = {isa = PBXBuildFile; fileRef = DC6CD4DB1F65FF3E001B77CE /* SDCTableViewCell.swift */; };
		DC6CD4DE1F65FF3E001B77CE /* SDCTableViewCell.swift in Sources */ = {isa = PBXBuildFile; fileRef = DC6CD4DB1F65FF3E001B77CE /* SDCTableViewCell.swift */; };
		DC6CD4DF1F65FF3E001B77CE /* SDCTableViewCell.swift in Sources */ = {isa = PBXBuildFile; fileRef = DC6CD4DB1F65FF3E001B77CE /* SDCTableViewCell.swift */; };
		DC6CD4E01F65FF3E001B77CE /* SDCTableViewCell.xib in Resources */ = {isa = PBXBuildFile; fileRef = DC6CD4DC1F65FF3E001B77CE /* SDCTableViewCell.xib */; };
		DC6CD4E11F65FF3E001B77CE /* SDCTableViewCell.xib in Resources */ = {isa = PBXBuildFile; fileRef = DC6CD4DC1F65FF3E001B77CE /* SDCTableViewCell.xib */; };
		DC6CD4E21F65FF3E001B77CE /* SDCTableViewCell.xib in Resources */ = {isa = PBXBuildFile; fileRef = DC6CD4DC1F65FF3E001B77CE /* SDCTableViewCell.xib */; };
		DC6CD4E61F6607D8001B77CE /* SportsModel.swift in Sources */ = {isa = PBXBuildFile; fileRef = DC6CD4E51F6607D8001B77CE /* SportsModel.swift */; };
		DC6CD4E71F6607D8001B77CE /* SportsModel.swift in Sources */ = {isa = PBXBuildFile; fileRef = DC6CD4E51F6607D8001B77CE /* SportsModel.swift */; };
		DC6CD4E81F6607D8001B77CE /* SportsModel.swift in Sources */ = {isa = PBXBuildFile; fileRef = DC6CD4E51F6607D8001B77CE /* SportsModel.swift */; };
		DC6F02261F81AF4E00869B76 /* TimeLineViewViewController.swift in Sources */ = {isa = PBXBuildFile; fileRef = DC6F02241F81AF4D00869B76 /* TimeLineViewViewController.swift */; };
		DC6F02271F81AF4E00869B76 /* TimeLineViewViewController.xib in Resources */ = {isa = PBXBuildFile; fileRef = DC6F02251F81AF4D00869B76 /* TimeLineViewViewController.xib */; };
		DC6F022B1F81B14A00869B76 /* HomePage.swift in Sources */ = {isa = PBXBuildFile; fileRef = DC6F02291F81B14A00869B76 /* HomePage.swift */; };
		DC6F022C1F81B14A00869B76 /* HomePage.xib in Resources */ = {isa = PBXBuildFile; fileRef = DC6F022A1F81B14A00869B76 /* HomePage.xib */; };
		DC6F022F1F81C0D400869B76 /* Video.swift in Sources */ = {isa = PBXBuildFile; fileRef = DC6F022E1F81C0D400869B76 /* Video.swift */; };
		DC6F023C1F81ECBF00869B76 /* Catching-Framing.mov in Resources */ = {isa = PBXBuildFile; fileRef = DC6F02381F81ECBF00869B76 /* Catching-Framing.mov */; };
		DC6F023D1F81ECBF00869B76 /* Catching-Receiving.mov in Resources */ = {isa = PBXBuildFile; fileRef = DC6F02391F81ECBF00869B76 /* Catching-Receiving.mov */; };
		DC6F023E1F81ECBF00869B76 /* Catching-Transfers.mov in Resources */ = {isa = PBXBuildFile; fileRef = DC6F023A1F81ECBF00869B76 /* Catching-Transfers.mov */; };
		DC6F02431F8203A700869B76 /* AVFoundation.framework in Frameworks */ = {isa = PBXBuildFile; fileRef = DC6F02411F8203A700869B76 /* AVFoundation.framework */; };
		DC6F02441F8203A700869B76 /* AVKit.framework in Frameworks */ = {isa = PBXBuildFile; fileRef = DC6F02421F8203A700869B76 /* AVKit.framework */; };
		DC6F02451F8203B000869B76 /* AVFoundation.framework in Frameworks */ = {isa = PBXBuildFile; fileRef = DC6F02411F8203A700869B76 /* AVFoundation.framework */; };
		DC6F02461F8203B000869B76 /* AVFoundation.framework in Embed Frameworks */ = {isa = PBXBuildFile; fileRef = DC6F02411F8203A700869B76 /* AVFoundation.framework */; settings = {ATTRIBUTES = (CodeSignOnCopy, RemoveHeadersOnCopy, ); }; };
		DC6F02471F8203B000869B76 /* AVKit.framework in Frameworks */ = {isa = PBXBuildFile; fileRef = DC6F02421F8203A700869B76 /* AVKit.framework */; };
		DC6F02481F8203B000869B76 /* AVKit.framework in Embed Frameworks */ = {isa = PBXBuildFile; fileRef = DC6F02421F8203A700869B76 /* AVKit.framework */; settings = {ATTRIBUTES = (CodeSignOnCopy, RemoveHeadersOnCopy, ); }; };
		DCCE35ED1F95B0B100C4CC30 /* ContentViewHolder.swift in Sources */ = {isa = PBXBuildFile; fileRef = DCCE35EC1F95B0B100C4CC30 /* ContentViewHolder.swift */; };
/* End PBXBuildFile section */

/* Begin PBXContainerItemProxy section */
		DC59A5EB1F538E68007CF44A /* PBXContainerItemProxy */ = {
			isa = PBXContainerItemProxy;
			containerPortal = DC59A5CE1F538E67007CF44A /* Project object */;
			proxyType = 1;
			remoteGlobalIDString = DC59A5D51F538E67007CF44A;
			remoteInfo = DrillBase;
		};
		DC59A5F61F538E68007CF44A /* PBXContainerItemProxy */ = {
			isa = PBXContainerItemProxy;
			containerPortal = DC59A5CE1F538E67007CF44A /* Project object */;
			proxyType = 1;
			remoteGlobalIDString = DC59A5D51F538E67007CF44A;
			remoteInfo = DrillBase;
		};
/* End PBXContainerItemProxy section */

/* Begin PBXCopyFilesBuildPhase section */
		DC6F02491F8203B100869B76 /* Embed Frameworks */ = {
			isa = PBXCopyFilesBuildPhase;
			buildActionMask = 2147483647;
			dstPath = "";
			dstSubfolderSpec = 10;
			files = (
				DC6F02481F8203B000869B76 /* AVKit.framework in Embed Frameworks */,
				DC6F02461F8203B000869B76 /* AVFoundation.framework in Embed Frameworks */,
			);
			name = "Embed Frameworks";
			runOnlyForDeploymentPostprocessing = 0;
		};
/* End PBXCopyFilesBuildPhase section */

/* Begin PBXFileReference section */
		DC0E0DFA1F664C3D0013617E /* DrillsModel.swift */ = {isa = PBXFileReference; fileEncoding = 4; lastKnownFileType = sourcecode.swift; path = DrillsModel.swift; sourceTree = "<group>"; };
		DC0E0DFE1F664C4C0013617E /* CategoryModel.swift */ = {isa = PBXFileReference; fileEncoding = 4; lastKnownFileType = sourcecode.swift; path = CategoryModel.swift; sourceTree = "<group>"; };
		DC4848751F9BD3FE00E6BCE5 /* AddToFolder1.png */ = {isa = PBXFileReference; lastKnownFileType = image.png; path = AddToFolder1.png; sourceTree = "<group>"; };
		DC4848761F9BD3FE00E6BCE5 /* AddToFolder2.png */ = {isa = PBXFileReference; lastKnownFileType = image.png; path = AddToFolder2.png; sourceTree = "<group>"; };
		DC4848771F9BD3FE00E6BCE5 /* AddToFolder3.png */ = {isa = PBXFileReference; lastKnownFileType = image.png; path = AddToFolder3.png; sourceTree = "<group>"; };
		DC4848781F9BD3FE00E6BCE5 /* AddToFolder4.png */ = {isa = PBXFileReference; lastKnownFileType = image.png; path = AddToFolder4.png; sourceTree = "<group>"; };
		DC4848791F9BD3FE00E6BCE5 /* AddToFolder5.jpeg */ = {isa = PBXFileReference; lastKnownFileType = image.jpeg; path = AddToFolder5.jpeg; sourceTree = "<group>"; };
		DC48487A1F9BD3FE00E6BCE5 /* AddToFolder6.png */ = {isa = PBXFileReference; lastKnownFileType = image.png; path = AddToFolder6.png; sourceTree = "<group>"; };
		DC48487B1F9BD3FE00E6BCE5 /* AddToFolder7.png */ = {isa = PBXFileReference; lastKnownFileType = image.png; path = AddToFolder7.png; sourceTree = "<group>"; };
		DC48487D1F9BD3FE00E6BCE5 /* hamburgermenu.png */ = {isa = PBXFileReference; lastKnownFileType = image.png; path = hamburgermenu.png; sourceTree = "<group>"; };
		DC48487F1F9BD3FE00E6BCE5 /* hamburgermenu3.png */ = {isa = PBXFileReference; lastKnownFileType = image.png; path = hamburgermenu3.png; sourceTree = "<group>"; };
		DC4848811F9BD3FE00E6BCE5 /* hamburgermenu5.png */ = {isa = PBXFileReference; lastKnownFileType = image.png; path = hamburgermenu5.png; sourceTree = "<group>"; };
		DC4848821F9BD3FE00E6BCE5 /* hamburgermenu6.png */ = {isa = PBXFileReference; lastKnownFileType = image.png; path = hamburgermenu6.png; sourceTree = "<group>"; };
		DC4848831F9BD3FE00E6BCE5 /* hamburgermenu7.jpeg */ = {isa = PBXFileReference; lastKnownFileType = image.jpeg; name = hamburgermenu7.jpeg; path = ../hamburgerMenu/hamburgermenu7.jpeg; sourceTree = "<group>"; };
		DC4848841F9BD3FE00E6BCE5 /* hamburgermenu8.jpeg */ = {isa = PBXFileReference; lastKnownFileType = image.jpeg; name = hamburgermenu8.jpeg; path = ../hamburgerMenu/hamburgermenu8.jpeg; sourceTree = "<group>"; };
		DC4848861F9BD3FE00E6BCE5 /* HomePageicon1.png */ = {isa = PBXFileReference; lastKnownFileType = image.png; path = HomePageicon1.png; sourceTree = "<group>"; };
		DC4848871F9BD3FE00E6BCE5 /* HomePageicon2.jpeg */ = {isa = PBXFileReference; lastKnownFileType = image.jpeg; path = HomePageicon2.jpeg; sourceTree = "<group>"; };
		DC4848881F9BD3FE00E6BCE5 /* HomePageicon3.jpeg */ = {isa = PBXFileReference; lastKnownFileType = image.jpeg; path = HomePageicon3.jpeg; sourceTree = "<group>"; };
		DC4848891F9BD3FE00E6BCE5 /* HomePageicon4.png */ = {isa = PBXFileReference; lastKnownFileType = image.png; path = HomePageicon4.png; sourceTree = "<group>"; };
		DC48488A1F9BD3FE00E6BCE5 /* HomePageicon5.jpeg */ = {isa = PBXFileReference; lastKnownFileType = image.jpeg; path = HomePageicon5.jpeg; sourceTree = "<group>"; };
		DC48488B1F9BD3FE00E6BCE5 /* HomePageicon6.png */ = {isa = PBXFileReference; lastKnownFileType = image.png; path = HomePageicon6.png; sourceTree = "<group>"; };
		DC48488C1F9BD3FE00E6BCE5 /* HomePageicon7.png */ = {isa = PBXFileReference; lastKnownFileType = image.png; path = HomePageicon7.png; sourceTree = "<group>"; };
		DC48488D1F9BD3FE00E6BCE5 /* image_profile.jpeg */ = {isa = PBXFileReference; lastKnownFileType = image.jpeg; path = image_profile.jpeg; sourceTree = "<group>"; };
		DC48488E1F9BD3FE00E6BCE5 /* image_profile2.png */ = {isa = PBXFileReference; lastKnownFileType = image.png; path = image_profile2.png; sourceTree = "<group>"; };
		DC48488F1F9BD3FE00E6BCE5 /* image_profile3.jpeg */ = {isa = PBXFileReference; lastKnownFileType = image.jpeg; path = image_profile3.jpeg; sourceTree = "<group>"; };
		DC4848901F9BD3FE00E6BCE5 /* image_profile4.png */ = {isa = PBXFileReference; lastKnownFileType = image.png; path = image_profile4.png; sourceTree = "<group>"; };
		DC4848911F9BD3FE00E6BCE5 /* image_profile5.jpeg */ = {isa = PBXFileReference; lastKnownFileType = image.jpeg; path = image_profile5.jpeg; sourceTree = "<group>"; };
		DC4848921F9BD3FE00E6BCE5 /* images_power.png */ = {isa = PBXFileReference; lastKnownFileType = image.png; path = images_power.png; sourceTree = "<group>"; };
		DC4848941F9BD3FE00E6BCE5 /* searchIcon.png */ = {isa = PBXFileReference; lastKnownFileType = image.png; path = searchIcon.png; sourceTree = "<group>"; };
		DC4848951F9BD3FE00E6BCE5 /* searchIcon2.png */ = {isa = PBXFileReference; lastKnownFileType = image.png; path = searchIcon2.png; sourceTree = "<group>"; };
		DC4848961F9BD3FE00E6BCE5 /* searchIcon3.png */ = {isa = PBXFileReference; lastKnownFileType = image.png; path = searchIcon3.png; sourceTree = "<group>"; };
		DC4848971F9BD3FE00E6BCE5 /* searchIcon4.jpeg */ = {isa = PBXFileReference; lastKnownFileType = image.jpeg; path = searchIcon4.jpeg; sourceTree = "<group>"; };
		DC4848981F9BD3FE00E6BCE5 /* searchIcon5.jpeg */ = {isa = PBXFileReference; lastKnownFileType = image.jpeg; path = searchIcon5.jpeg; sourceTree = "<group>"; };
		DC4848991F9BD3FE00E6BCE5 /* searchIcon6.jpeg */ = {isa = PBXFileReference; lastKnownFileType = image.jpeg; path = searchIcon6.jpeg; sourceTree = "<group>"; };
		DC48489A1F9BD3FE00E6BCE5 /* searchIcon7.png */ = {isa = PBXFileReference; lastKnownFileType = image.png; path = searchIcon7.png; sourceTree = "<group>"; };
		DC48489B1F9BD3FE00E6BCE5 /* searchIcon8.png */ = {isa = PBXFileReference; lastKnownFileType = image.png; path = searchIcon8.png; sourceTree = "<group>"; };
		DC48489C1F9BD3FE00E6BCE5 /* searchIcon9.png */ = {isa = PBXFileReference; lastKnownFileType = image.png; path = searchIcon9.png; sourceTree = "<group>"; };
		DC4848C21F9BDAB000E6BCE5 /* home_button50.png */ = {isa = PBXFileReference; lastKnownFileType = image.png; path = home_button50.png; sourceTree = "<group>"; };
		DC4848C61F9D179600E6BCE5 /* Utility.swift */ = {isa = PBXFileReference; fileEncoding = 4; lastKnownFileType = sourcecode.swift; path = Utility.swift; sourceTree = "<group>"; };
		DC4848C81F9EEA4600E6BCE5 /* ButtonLayerTriangle.swift */ = {isa = PBXFileReference; fileEncoding = 4; lastKnownFileType = sourcecode.swift; path = ButtonLayerTriangle.swift; sourceTree = "<group>"; };
		DC4848CA1F9EED2C00E6BCE5 /* UIButtonCustom.swift */ = {isa = PBXFileReference; fileEncoding = 4; lastKnownFileType = sourcecode.swift; path = UIButtonCustom.swift; sourceTree = "<group>"; };
		DC4848CD1FA0417000E6BCE5 /* FeaturedView.swift */ = {isa = PBXFileReference; fileEncoding = 4; lastKnownFileType = sourcecode.swift; path = FeaturedView.swift; sourceTree = "<group>"; };
		DC4848CE1FA0417000E6BCE5 /* FeaturedView.xib */ = {isa = PBXFileReference; fileEncoding = 4; lastKnownFileType = file.xib; path = FeaturedView.xib; sourceTree = "<group>"; };
		DC59A5D61F538E67007CF44A /* DrillBase.app */ = {isa = PBXFileReference; explicitFileType = wrapper.application; includeInIndex = 0; path = DrillBase.app; sourceTree = BUILT_PRODUCTS_DIR; };
		DC59A5D91F538E67007CF44A /* AppDelegate.swift */ = {isa = PBXFileReference; lastKnownFileType = sourcecode.swift; path = AppDelegate.swift; sourceTree = "<group>"; };
		DC59A5DB1F538E67007CF44A /* ViewController.swift */ = {isa = PBXFileReference; lastKnownFileType = sourcecode.swift; path = ViewController.swift; sourceTree = "<group>"; };
		DC59A5DE1F538E67007CF44A /* Base */ = {isa = PBXFileReference; lastKnownFileType = file.storyboard; name = Base; path = Base.lproj/Main.storyboard; sourceTree = "<group>"; };
		DC59A5E01F538E67007CF44A /* Assets.xcassets */ = {isa = PBXFileReference; lastKnownFileType = folder.assetcatalog; path = Assets.xcassets; sourceTree = "<group>"; };
		DC59A5E31F538E67007CF44A /* Base */ = {isa = PBXFileReference; lastKnownFileType = file.storyboard; name = Base; path = Base.lproj/LaunchScreen.storyboard; sourceTree = "<group>"; };
		DC59A5E51F538E67007CF44A /* Info.plist */ = {isa = PBXFileReference; lastKnownFileType = text.plist.xml; path = Info.plist; sourceTree = "<group>"; };
		DC59A5EA1F538E68007CF44A /* DrillBaseTests.xctest */ = {isa = PBXFileReference; explicitFileType = wrapper.cfbundle; includeInIndex = 0; path = DrillBaseTests.xctest; sourceTree = BUILT_PRODUCTS_DIR; };
		DC59A5EE1F538E68007CF44A /* DrillBaseTests.swift */ = {isa = PBXFileReference; lastKnownFileType = sourcecode.swift; path = DrillBaseTests.swift; sourceTree = "<group>"; };
		DC59A5F01F538E68007CF44A /* Info.plist */ = {isa = PBXFileReference; lastKnownFileType = text.plist.xml; path = Info.plist; sourceTree = "<group>"; };
		DC59A5F51F538E68007CF44A /* DrillBaseUITests.xctest */ = {isa = PBXFileReference; explicitFileType = wrapper.cfbundle; includeInIndex = 0; path = DrillBaseUITests.xctest; sourceTree = BUILT_PRODUCTS_DIR; };
		DC59A5F91F538E68007CF44A /* DrillBaseUITests.swift */ = {isa = PBXFileReference; lastKnownFileType = sourcecode.swift; path = DrillBaseUITests.swift; sourceTree = "<group>"; };
		DC59A5FB1F538E68007CF44A /* Info.plist */ = {isa = PBXFileReference; lastKnownFileType = text.plist.xml; path = Info.plist; sourceTree = "<group>"; };
		DC59A60A1F55415D007CF44A /* AccountDetailsBaseViewController.swift */ = {isa = PBXFileReference; fileEncoding = 4; lastKnownFileType = sourcecode.swift; path = AccountDetailsBaseViewController.swift; sourceTree = "<group>"; };
		DC59A60B1F55415D007CF44A /* AccountDetailsBaseViewController.xib */ = {isa = PBXFileReference; fileEncoding = 4; lastKnownFileType = file.xib; path = AccountDetailsBaseViewController.xib; sourceTree = "<group>"; };
		DC696AE91FA181FC00F6BAEB /* NewDrillsVC.swift */ = {isa = PBXFileReference; fileEncoding = 4; lastKnownFileType = sourcecode.swift; path = NewDrillsVC.swift; sourceTree = "<group>"; };
		DC696AEA1FA181FC00F6BAEB /* NewDrillsVC.xib */ = {isa = PBXFileReference; fileEncoding = 4; lastKnownFileType = file.xib; path = NewDrillsVC.xib; sourceTree = "<group>"; };
		DC6CD4C31F65BDEC001B77CE /* SportsDrillCategoryViewController.swift */ = {isa = PBXFileReference; fileEncoding = 4; lastKnownFileType = sourcecode.swift; path = SportsDrillCategoryViewController.swift; sourceTree = "<group>"; };
		DC6CD4CB1F65DB5A001B77CE /* BaseTabBarControllerViewController.swift */ = {isa = PBXFileReference; fileEncoding = 4; lastKnownFileType = sourcecode.swift; path = BaseTabBarControllerViewController.swift; sourceTree = "<group>"; };
		DC6CD4DB1F65FF3E001B77CE /* SDCTableViewCell.swift */ = {isa = PBXFileReference; fileEncoding = 4; lastKnownFileType = sourcecode.swift; path = SDCTableViewCell.swift; sourceTree = "<group>"; };
		DC6CD4DC1F65FF3E001B77CE /* SDCTableViewCell.xib */ = {isa = PBXFileReference; fileEncoding = 4; lastKnownFileType = file.xib; path = SDCTableViewCell.xib; sourceTree = "<group>"; };
		DC6CD4E51F6607D8001B77CE /* SportsModel.swift */ = {isa = PBXFileReference; fileEncoding = 4; lastKnownFileType = sourcecode.swift; path = SportsModel.swift; sourceTree = "<group>"; };
		DC6F02241F81AF4D00869B76 /* TimeLineViewViewController.swift */ = {isa = PBXFileReference; fileEncoding = 4; lastKnownFileType = sourcecode.swift; path = TimeLineViewViewController.swift; sourceTree = "<group>"; };
		DC6F02251F81AF4D00869B76 /* TimeLineViewViewController.xib */ = {isa = PBXFileReference; fileEncoding = 4; lastKnownFileType = file.xib; path = TimeLineViewViewController.xib; sourceTree = "<group>"; };
		DC6F02291F81B14A00869B76 /* HomePage.swift */ = {isa = PBXFileReference; fileEncoding = 4; lastKnownFileType = sourcecode.swift; path = HomePage.swift; sourceTree = "<group>"; };
		DC6F022A1F81B14A00869B76 /* HomePage.xib */ = {isa = PBXFileReference; fileEncoding = 4; lastKnownFileType = file.xib; path = HomePage.xib; sourceTree = "<group>"; };
		DC6F022E1F81C0D400869B76 /* Video.swift */ = {isa = PBXFileReference; fileEncoding = 4; lastKnownFileType = sourcecode.swift; name = Video.swift; path = ../../Resources/Video.swift; sourceTree = "<group>"; };
		DC6F02381F81ECBF00869B76 /* Catching-Framing.mov */ = {isa = PBXFileReference; lastKnownFileType = video.quicktime; path = "Catching-Framing.mov"; sourceTree = "<group>"; };
		DC6F02391F81ECBF00869B76 /* Catching-Receiving.mov */ = {isa = PBXFileReference; lastKnownFileType = video.quicktime; path = "Catching-Receiving.mov"; sourceTree = "<group>"; };
		DC6F023A1F81ECBF00869B76 /* Catching-Transfers.mov */ = {isa = PBXFileReference; lastKnownFileType = video.quicktime; path = "Catching-Transfers.mov"; sourceTree = "<group>"; };
		DC6F02411F8203A700869B76 /* AVFoundation.framework */ = {isa = PBXFileReference; lastKnownFileType = wrapper.framework; name = AVFoundation.framework; path = System/Library/Frameworks/AVFoundation.framework; sourceTree = SDKROOT; };
		DC6F02421F8203A700869B76 /* AVKit.framework */ = {isa = PBXFileReference; lastKnownFileType = wrapper.framework; name = AVKit.framework; path = System/Library/Frameworks/AVKit.framework; sourceTree = SDKROOT; };
		DCCE35EC1F95B0B100C4CC30 /* ContentViewHolder.swift */ = {isa = PBXFileReference; fileEncoding = 4; lastKnownFileType = sourcecode.swift; path = ContentViewHolder.swift; sourceTree = "<group>"; };
/* End PBXFileReference section */

/* Begin PBXFrameworksBuildPhase section */
		DC59A5D31F538E67007CF44A /* Frameworks */ = {
			isa = PBXFrameworksBuildPhase;
			buildActionMask = 2147483647;
			files = (
				DC6F02431F8203A700869B76 /* AVFoundation.framework in Frameworks */,
				DC6F02441F8203A700869B76 /* AVKit.framework in Frameworks */,
				DC6F02471F8203B000869B76 /* AVKit.framework in Frameworks */,
				DC6F02451F8203B000869B76 /* AVFoundation.framework in Frameworks */,
			);
			runOnlyForDeploymentPostprocessing = 0;
		};
		DC59A5E71F538E68007CF44A /* Frameworks */ = {
			isa = PBXFrameworksBuildPhase;
			buildActionMask = 2147483647;
			files = (
			);
			runOnlyForDeploymentPostprocessing = 0;
		};
		DC59A5F21F538E68007CF44A /* Frameworks */ = {
			isa = PBXFrameworksBuildPhase;
			buildActionMask = 2147483647;
			files = (
			);
			runOnlyForDeploymentPostprocessing = 0;
		};
/* End PBXFrameworksBuildPhase section */

/* Begin PBXGroup section */
		DC4848731F9BD3E700E6BCE5 /* images */ = {
			isa = PBXGroup;
			children = (
				DC4848C21F9BDAB000E6BCE5 /* home_button50.png */,
				DC4848741F9BD3FE00E6BCE5 /* AddToFolder */,
				DC48487C1F9BD3FE00E6BCE5 /* HamburgerMenu */,
				DC4848851F9BD3FE00E6BCE5 /* HomepageIcon */,
				DC48488D1F9BD3FE00E6BCE5 /* image_profile.jpeg */,
				DC48488E1F9BD3FE00E6BCE5 /* image_profile2.png */,
				DC48488F1F9BD3FE00E6BCE5 /* image_profile3.jpeg */,
				DC4848901F9BD3FE00E6BCE5 /* image_profile4.png */,
				DC4848911F9BD3FE00E6BCE5 /* image_profile5.jpeg */,
				DC4848921F9BD3FE00E6BCE5 /* images_power.png */,
				DC4848931F9BD3FE00E6BCE5 /* SearchIcon */,
			);
			path = images;
			sourceTree = "<group>";
		};
		DC4848741F9BD3FE00E6BCE5 /* AddToFolder */ = {
			isa = PBXGroup;
			children = (
				DC4848751F9BD3FE00E6BCE5 /* AddToFolder1.png */,
				DC4848761F9BD3FE00E6BCE5 /* AddToFolder2.png */,
				DC4848771F9BD3FE00E6BCE5 /* AddToFolder3.png */,
				DC4848781F9BD3FE00E6BCE5 /* AddToFolder4.png */,
				DC4848791F9BD3FE00E6BCE5 /* AddToFolder5.jpeg */,
				DC48487A1F9BD3FE00E6BCE5 /* AddToFolder6.png */,
				DC48487B1F9BD3FE00E6BCE5 /* AddToFolder7.png */,
			);
			name = AddToFolder;
			path = AddTOFolder;
			sourceTree = "<group>";
		};
		DC48487C1F9BD3FE00E6BCE5 /* HamburgerMenu */ = {
			isa = PBXGroup;
			children = (
				DC48487D1F9BD3FE00E6BCE5 /* hamburgermenu.png */,
				DC48487F1F9BD3FE00E6BCE5 /* hamburgermenu3.png */,
				DC4848811F9BD3FE00E6BCE5 /* hamburgermenu5.png */,
				DC4848821F9BD3FE00E6BCE5 /* hamburgermenu6.png */,
			);
			name = HamburgerMenu;
			path = hamburgerMenu;
			sourceTree = "<group>";
		};
		DC4848851F9BD3FE00E6BCE5 /* HomepageIcon */ = {
			isa = PBXGroup;
			children = (
				DC4848861F9BD3FE00E6BCE5 /* HomePageicon1.png */,
				DC4848831F9BD3FE00E6BCE5 /* hamburgermenu7.jpeg */,
				DC4848841F9BD3FE00E6BCE5 /* hamburgermenu8.jpeg */,
				DC4848871F9BD3FE00E6BCE5 /* HomePageicon2.jpeg */,
				DC4848881F9BD3FE00E6BCE5 /* HomePageicon3.jpeg */,
				DC4848891F9BD3FE00E6BCE5 /* HomePageicon4.png */,
				DC48488A1F9BD3FE00E6BCE5 /* HomePageicon5.jpeg */,
				DC48488B1F9BD3FE00E6BCE5 /* HomePageicon6.png */,
				DC48488C1F9BD3FE00E6BCE5 /* HomePageicon7.png */,
			);
			name = HomepageIcon;
			path = homepageIcon;
			sourceTree = "<group>";
		};
		DC4848931F9BD3FE00E6BCE5 /* SearchIcon */ = {
			isa = PBXGroup;
			children = (
				DC4848941F9BD3FE00E6BCE5 /* searchIcon.png */,
				DC4848951F9BD3FE00E6BCE5 /* searchIcon2.png */,
				DC4848961F9BD3FE00E6BCE5 /* searchIcon3.png */,
				DC4848971F9BD3FE00E6BCE5 /* searchIcon4.jpeg */,
				DC4848981F9BD3FE00E6BCE5 /* searchIcon5.jpeg */,
				DC4848991F9BD3FE00E6BCE5 /* searchIcon6.jpeg */,
				DC48489A1F9BD3FE00E6BCE5 /* searchIcon7.png */,
				DC48489B1F9BD3FE00E6BCE5 /* searchIcon8.png */,
				DC48489C1F9BD3FE00E6BCE5 /* searchIcon9.png */,
			);
			path = SearchIcon;
			sourceTree = "<group>";
		};
		DC4848C51F9D177900E6BCE5 /* Utility */ = {
			isa = PBXGroup;
			children = (
				DC4848C61F9D179600E6BCE5 /* Utility.swift */,
				DC4848C81F9EEA4600E6BCE5 /* ButtonLayerTriangle.swift */,
				DC4848CA1F9EED2C00E6BCE5 /* UIButtonCustom.swift */,
			);
			path = Utility;
			sourceTree = "<group>";
		};
		DC4848CC1FA03F7B00E6BCE5 /* Featured */ = {
			isa = PBXGroup;
			children = (
				DC4848CD1FA0417000E6BCE5 /* FeaturedView.swift */,
				DC4848CE1FA0417000E6BCE5 /* FeaturedView.xib */,
			);
			path = Featured;
			sourceTree = "<group>";
		};
		DC59A5CD1F538E67007CF44A = {
			isa = PBXGroup;
			children = (
				DC59A5D81F538E67007CF44A /* DrillBase */,
				DC59A5ED1F538E68007CF44A /* DrillBaseTests */,
				DC59A5F81F538E68007CF44A /* DrillBaseUITests */,
				DC59A5D71F538E67007CF44A /* Products */,
				DC6F02401F8203A700869B76 /* Frameworks */,
			);
			sourceTree = "<group>";
		};
		DC59A5D71F538E67007CF44A /* Products */ = {
			isa = PBXGroup;
			children = (
				DC59A5D61F538E67007CF44A /* DrillBase.app */,
				DC59A5EA1F538E68007CF44A /* DrillBaseTests.xctest */,
				DC59A5F51F538E68007CF44A /* DrillBaseUITests.xctest */,
			);
			name = Products;
			sourceTree = "<group>";
		};
		DC59A5D81F538E67007CF44A /* DrillBase */ = {
			isa = PBXGroup;
			children = (
				DC4848C51F9D177900E6BCE5 /* Utility */,
				DC6F02371F81ECBF00869B76 /* Resources */,
				DC6CD4E41F6607B4001B77CE /* Model */,
				DC59A6091F5540C6007CF44A /* SportsDrillsCategory */,
				DC59A6081F5540BF007CF44A /* AccountDetails */,
				DC59A5D91F538E67007CF44A /* AppDelegate.swift */,
				DC59A5DB1F538E67007CF44A /* ViewController.swift */,
				DC59A5DD1F538E67007CF44A /* Main.storyboard */,
				DC59A5E01F538E67007CF44A /* Assets.xcassets */,
				DC59A5E21F538E67007CF44A /* LaunchScreen.storyboard */,
				DC59A5E51F538E67007CF44A /* Info.plist */,
			);
			path = DrillBase;
			sourceTree = "<group>";
		};
		DC59A5ED1F538E68007CF44A /* DrillBaseTests */ = {
			isa = PBXGroup;
			children = (
				DC59A5EE1F538E68007CF44A /* DrillBaseTests.swift */,
				DC59A5F01F538E68007CF44A /* Info.plist */,
			);
			path = DrillBaseTests;
			sourceTree = "<group>";
		};
		DC59A5F81F538E68007CF44A /* DrillBaseUITests */ = {
			isa = PBXGroup;
			children = (
				DC59A5F91F538E68007CF44A /* DrillBaseUITests.swift */,
				DC59A5FB1F538E68007CF44A /* Info.plist */,
			);
			path = DrillBaseUITests;
			sourceTree = "<group>";
		};
		DC59A6081F5540BF007CF44A /* AccountDetails */ = {
			isa = PBXGroup;
			children = (
				DC59A60A1F55415D007CF44A /* AccountDetailsBaseViewController.swift */,
				DC59A60B1F55415D007CF44A /* AccountDetailsBaseViewController.xib */,
			);
			path = AccountDetails;
			sourceTree = "<group>";
		};
		DC59A6091F5540C6007CF44A /* SportsDrillsCategory */ = {
			isa = PBXGroup;
			children = (
				DC696AE81FA181DE00F6BAEB /* NewDrills */,
				DC4848CC1FA03F7B00E6BCE5 /* Featured */,
				DC6F02361F81C14400869B76 /* Video */,
				DC6F02281F81B13400869B76 /* HomePage */,
				DC6F02231F81AF1F00869B76 /* Timeline */,
				DC6CD4C31F65BDEC001B77CE /* SportsDrillCategoryViewController.swift */,
				DC6CD4CB1F65DB5A001B77CE /* BaseTabBarControllerViewController.swift */,
				DC6CD4DB1F65FF3E001B77CE /* SDCTableViewCell.swift */,
				DC6CD4DC1F65FF3E001B77CE /* SDCTableViewCell.xib */,
			);
			path = SportsDrillsCategory;
			sourceTree = "<group>";
		};
		DC696AE81FA181DE00F6BAEB /* NewDrills */ = {
			isa = PBXGroup;
			children = (
				DC696AE91FA181FC00F6BAEB /* NewDrillsVC.swift */,
				DC696AEA1FA181FC00F6BAEB /* NewDrillsVC.xib */,
			);
			path = NewDrills;
			sourceTree = "<group>";
		};
		DC6CD4E41F6607B4001B77CE /* Model */ = {
			isa = PBXGroup;
			children = (
				DC6CD4E51F6607D8001B77CE /* SportsModel.swift */,
				DC0E0DFA1F664C3D0013617E /* DrillsModel.swift */,
				DC0E0DFE1F664C4C0013617E /* CategoryModel.swift */,
			);
			path = Model;
			sourceTree = "<group>";
		};
		DC6F02231F81AF1F00869B76 /* Timeline */ = {
			isa = PBXGroup;
			children = (
				DC6F02241F81AF4D00869B76 /* TimeLineViewViewController.swift */,
				DC6F02251F81AF4D00869B76 /* TimeLineViewViewController.xib */,
			);
			path = Timeline;
			sourceTree = "<group>";
		};
		DC6F02281F81B13400869B76 /* HomePage */ = {
			isa = PBXGroup;
			children = (
				DC6F02291F81B14A00869B76 /* HomePage.swift */,
				DC6F022A1F81B14A00869B76 /* HomePage.xib */,
				DCCE35EC1F95B0B100C4CC30 /* ContentViewHolder.swift */,
			);
			path = HomePage;
			sourceTree = "<group>";
		};
		DC6F02361F81C14400869B76 /* Video */ = {
			isa = PBXGroup;
			children = (
				DC6F022E1F81C0D400869B76 /* Video.swift */,
			);
			path = Video;
			sourceTree = "<group>";
		};
		DC6F02371F81ECBF00869B76 /* Resources */ = {
			isa = PBXGroup;
			children = (
				DC4848731F9BD3E700E6BCE5 /* images */,
				DC6F02381F81ECBF00869B76 /* Catching-Framing.mov */,
				DC6F02391F81ECBF00869B76 /* Catching-Receiving.mov */,
				DC6F023A1F81ECBF00869B76 /* Catching-Transfers.mov */,
			);
			path = Resources;
			sourceTree = "<group>";
		};
		DC6F02401F8203A700869B76 /* Frameworks */ = {
			isa = PBXGroup;
			children = (
				DC6F02411F8203A700869B76 /* AVFoundation.framework */,
				DC6F02421F8203A700869B76 /* AVKit.framework */,
			);
			name = Frameworks;
			sourceTree = "<group>";
		};
/* End PBXGroup section */

/* Begin PBXNativeTarget section */
		DC59A5D51F538E67007CF44A /* DrillBase */ = {
			isa = PBXNativeTarget;
			buildConfigurationList = DC59A5FE1F538E68007CF44A /* Build configuration list for PBXNativeTarget "DrillBase" */;
			buildPhases = (
				DC59A5D21F538E67007CF44A /* Sources */,
				DC59A5D31F538E67007CF44A /* Frameworks */,
				DC59A5D41F538E67007CF44A /* Resources */,
				DC6F02491F8203B100869B76 /* Embed Frameworks */,
			);
			buildRules = (
			);
			dependencies = (
			);
			name = DrillBase;
			productName = DrillBase;
			productReference = DC59A5D61F538E67007CF44A /* DrillBase.app */;
			productType = "com.apple.product-type.application";
		};
		DC59A5E91F538E68007CF44A /* DrillBaseTests */ = {
			isa = PBXNativeTarget;
			buildConfigurationList = DC59A6011F538E68007CF44A /* Build configuration list for PBXNativeTarget "DrillBaseTests" */;
			buildPhases = (
				DC59A5E61F538E68007CF44A /* Sources */,
				DC59A5E71F538E68007CF44A /* Frameworks */,
				DC59A5E81F538E68007CF44A /* Resources */,
			);
			buildRules = (
			);
			dependencies = (
				DC59A5EC1F538E68007CF44A /* PBXTargetDependency */,
			);
			name = DrillBaseTests;
			productName = DrillBaseTests;
			productReference = DC59A5EA1F538E68007CF44A /* DrillBaseTests.xctest */;
			productType = "com.apple.product-type.bundle.unit-test";
		};
		DC59A5F41F538E68007CF44A /* DrillBaseUITests */ = {
			isa = PBXNativeTarget;
			buildConfigurationList = DC59A6041F538E68007CF44A /* Build configuration list for PBXNativeTarget "DrillBaseUITests" */;
			buildPhases = (
				DC59A5F11F538E68007CF44A /* Sources */,
				DC59A5F21F538E68007CF44A /* Frameworks */,
				DC59A5F31F538E68007CF44A /* Resources */,
			);
			buildRules = (
			);
			dependencies = (
				DC59A5F71F538E68007CF44A /* PBXTargetDependency */,
			);
			name = DrillBaseUITests;
			productName = DrillBaseUITests;
			productReference = DC59A5F51F538E68007CF44A /* DrillBaseUITests.xctest */;
			productType = "com.apple.product-type.bundle.ui-testing";
		};
/* End PBXNativeTarget section */

/* Begin PBXProject section */
		DC59A5CE1F538E67007CF44A /* Project object */ = {
			isa = PBXProject;
			attributes = {
				LastSwiftUpdateCheck = 0820;
				LastUpgradeCheck = 0820;
				ORGANIZATIONNAME = DrillBase;
				TargetAttributes = {
					DC59A5D51F538E67007CF44A = {
						CreatedOnToolsVersion = 8.2;
						ProvisioningStyle = Automatic;
					};
					DC59A5E91F538E68007CF44A = {
						CreatedOnToolsVersion = 8.2;
						ProvisioningStyle = Automatic;
						TestTargetID = DC59A5D51F538E67007CF44A;
					};
					DC59A5F41F538E68007CF44A = {
						CreatedOnToolsVersion = 8.2;
						ProvisioningStyle = Automatic;
						TestTargetID = DC59A5D51F538E67007CF44A;
					};
				};
			};
			buildConfigurationList = DC59A5D11F538E67007CF44A /* Build configuration list for PBXProject "DrillBase" */;
			compatibilityVersion = "Xcode 3.2";
			developmentRegion = English;
			hasScannedForEncodings = 0;
			knownRegions = (
				en,
				Base,
			);
			mainGroup = DC59A5CD1F538E67007CF44A;
			productRefGroup = DC59A5D71F538E67007CF44A /* Products */;
			projectDirPath = "";
			projectRoot = "";
			targets = (
				DC59A5D51F538E67007CF44A /* DrillBase */,
				DC59A5E91F538E68007CF44A /* DrillBaseTests */,
				DC59A5F41F538E68007CF44A /* DrillBaseUITests */,
			);
		};
/* End PBXProject section */

/* Begin PBXResourcesBuildPhase section */
		DC59A5D41F538E67007CF44A /* Resources */ = {
			isa = PBXResourcesBuildPhase;
			buildActionMask = 2147483647;
			files = (
				DC48489D1F9BD3FE00E6BCE5 /* AddToFolder1.png in Resources */,
				DC4848A21F9BD3FF00E6BCE5 /* AddToFolder6.png in Resources */,
				DC4848D01FA0417000E6BCE5 /* FeaturedView.xib in Resources */,
				DC4848B01F9BD3FF00E6BCE5 /* HomePageicon5.jpeg in Resources */,
				DC4848BA1F9BD3FF00E6BCE5 /* searchIcon2.png in Resources */,
				DC6F023C1F81ECBF00869B76 /* Catching-Framing.mov in Resources */,
				DC4848A81F9BD3FF00E6BCE5 /* hamburgermenu5.png in Resources */,
				DC6F02271F81AF4E00869B76 /* TimeLineViewViewController.xib in Resources */,
				DC4848A91F9BD3FF00E6BCE5 /* hamburgermenu6.png in Resources */,
				DC4848BE1F9BD3FF00E6BCE5 /* searchIcon6.jpeg in Resources */,
				DC6F023E1F81ECBF00869B76 /* Catching-Transfers.mov in Resources */,
				DC59A5E41F538E67007CF44A /* LaunchScreen.storyboard in Resources */,
				DC4848B21F9BD3FF00E6BCE5 /* HomePageicon7.png in Resources */,
				DC696AEC1FA181FC00F6BAEB /* NewDrillsVC.xib in Resources */,
				DC4848A11F9BD3FF00E6BCE5 /* AddToFolder5.jpeg in Resources */,
				DC4848BD1F9BD3FF00E6BCE5 /* searchIcon5.jpeg in Resources */,
				DC4848C01F9BD3FF00E6BCE5 /* searchIcon8.png in Resources */,
				DC4848AB1F9BD3FF00E6BCE5 /* hamburgermenu8.jpeg in Resources */,
				DC4848AE1F9BD3FF00E6BCE5 /* HomePageicon3.jpeg in Resources */,
				DC6CD4E01F65FF3E001B77CE /* SDCTableViewCell.xib in Resources */,
				DC4848BC1F9BD3FF00E6BCE5 /* searchIcon4.jpeg in Resources */,
				DC4848A41F9BD3FF00E6BCE5 /* hamburgermenu.png in Resources */,
				DC4848B31F9BD3FF00E6BCE5 /* image_profile.jpeg in Resources */,
				DC4848B11F9BD3FF00E6BCE5 /* HomePageicon6.png in Resources */,
				DC4848C11F9BD3FF00E6BCE5 /* searchIcon9.png in Resources */,
				DC4848BB1F9BD3FF00E6BCE5 /* searchIcon3.png in Resources */,
				DC4848B81F9BD3FF00E6BCE5 /* images_power.png in Resources */,
				DC4848B91F9BD3FF00E6BCE5 /* searchIcon.png in Resources */,
				DC4848B51F9BD3FF00E6BCE5 /* image_profile3.jpeg in Resources */,
				DC4848A61F9BD3FF00E6BCE5 /* hamburgermenu3.png in Resources */,
				DC4848BF1F9BD3FF00E6BCE5 /* searchIcon7.png in Resources */,
				DC59A5E11F538E67007CF44A /* Assets.xcassets in Resources */,
				DC4848AC1F9BD3FF00E6BCE5 /* HomePageicon1.png in Resources */,
				DC6F023D1F81ECBF00869B76 /* Catching-Receiving.mov in Resources */,
				DC4848B71F9BD3FF00E6BCE5 /* image_profile5.jpeg in Resources */,
				DC4848AA1F9BD3FF00E6BCE5 /* hamburgermenu7.jpeg in Resources */,
				DC4848C31F9BDAB000E6BCE5 /* home_button50.png in Resources */,
				DC4848B41F9BD3FF00E6BCE5 /* image_profile2.png in Resources */,
				DC59A60F1F55415D007CF44A /* AccountDetailsBaseViewController.xib in Resources */,
				DC4848A31F9BD3FF00E6BCE5 /* AddToFolder7.png in Resources */,
				DC48489E1F9BD3FF00E6BCE5 /* AddToFolder2.png in Resources */,
				DC6F022C1F81B14A00869B76 /* HomePage.xib in Resources */,
				DC4848AF1F9BD3FF00E6BCE5 /* HomePageicon4.png in Resources */,
				DC4848A01F9BD3FF00E6BCE5 /* AddToFolder4.png in Resources */,
				DC4848B61F9BD3FF00E6BCE5 /* image_profile4.png in Resources */,
				DC59A5DF1F538E67007CF44A /* Main.storyboard in Resources */,
				DC48489F1F9BD3FF00E6BCE5 /* AddToFolder3.png in Resources */,
				DC4848AD1F9BD3FF00E6BCE5 /* HomePageicon2.jpeg in Resources */,
			);
			runOnlyForDeploymentPostprocessing = 0;
		};
		DC59A5E81F538E68007CF44A /* Resources */ = {
			isa = PBXResourcesBuildPhase;
			buildActionMask = 2147483647;
			files = (
				DC6CD4E11F65FF3E001B77CE /* SDCTableViewCell.xib in Resources */,
				DC59A6101F55415D007CF44A /* AccountDetailsBaseViewController.xib in Resources */,
			);
			runOnlyForDeploymentPostprocessing = 0;
		};
		DC59A5F31F538E68007CF44A /* Resources */ = {
			isa = PBXResourcesBuildPhase;
			buildActionMask = 2147483647;
			files = (
				DC6CD4E21F65FF3E001B77CE /* SDCTableViewCell.xib in Resources */,
				DC59A6111F55415D007CF44A /* AccountDetailsBaseViewController.xib in Resources */,
			);
			runOnlyForDeploymentPostprocessing = 0;
		};
/* End PBXResourcesBuildPhase section */

/* Begin PBXSourcesBuildPhase section */
		DC59A5D21F538E67007CF44A /* Sources */ = {
			isa = PBXSourcesBuildPhase;
			buildActionMask = 2147483647;
			files = (
				DC4848C71F9D179700E6BCE5 /* Utility.swift in Sources */,
				DC4848CF1FA0417000E6BCE5 /* FeaturedView.swift in Sources */,
				DC59A5DC1F538E67007CF44A /* ViewController.swift in Sources */,
				DC6F022F1F81C0D400869B76 /* Video.swift in Sources */,
				DC6F022B1F81B14A00869B76 /* HomePage.swift in Sources */,
				DC4848CB1F9EED2C00E6BCE5 /* UIButtonCustom.swift in Sources */,
				DC6CD4CC1F65DB5A001B77CE /* BaseTabBarControllerViewController.swift in Sources */,
				DC6F02261F81AF4E00869B76 /* TimeLineViewViewController.swift in Sources */,
				DC4848C91F9EEA4600E6BCE5 /* ButtonLayerTriangle.swift in Sources */,
				DC6CD4C51F65BDEC001B77CE /* SportsDrillCategoryViewController.swift in Sources */,
				DC59A60C1F55415D007CF44A /* AccountDetailsBaseViewController.swift in Sources */,
				DC696AEB1FA181FC00F6BAEB /* NewDrillsVC.swift in Sources */,
				DC6CD4E61F6607D8001B77CE /* SportsModel.swift in Sources */,
				DC6CD4DD1F65FF3E001B77CE /* SDCTableViewCell.swift in Sources */,
				DCCE35ED1F95B0B100C4CC30 /* ContentViewHolder.swift in Sources */,
				DC59A5DA1F538E67007CF44A /* AppDelegate.swift in Sources */,
				DC0E0DFF1F664C4C0013617E /* CategoryModel.swift in Sources */,
				DC0E0DFB1F664C3D0013617E /* DrillsModel.swift in Sources */,
			);
			runOnlyForDeploymentPostprocessing = 0;
		};
		DC59A5E61F538E68007CF44A /* Sources */ = {
			isa = PBXSourcesBuildPhase;
			buildActionMask = 2147483647;
			files = (
				DC0E0DFC1F664C3D0013617E /* DrillsModel.swift in Sources */,
				DC6CD4E71F6607D8001B77CE /* SportsModel.swift in Sources */,
				DC6CD4C61F65BDEC001B77CE /* SportsDrillCategoryViewController.swift in Sources */,
				DC6CD4DE1F65FF3E001B77CE /* SDCTableViewCell.swift in Sources */,
				DC6CD4CD1F65DB5A001B77CE /* BaseTabBarControllerViewController.swift in Sources */,
				DC0E0E001F664C4C0013617E /* CategoryModel.swift in Sources */,
				DC59A60D1F55415D007CF44A /* AccountDetailsBaseViewController.swift in Sources */,
				DC59A5EF1F538E68007CF44A /* DrillBaseTests.swift in Sources */,
			);
			runOnlyForDeploymentPostprocessing = 0;
		};
		DC59A5F11F538E68007CF44A /* Sources */ = {
			isa = PBXSourcesBuildPhase;
			buildActionMask = 2147483647;
			files = (
				DC0E0DFD1F664C3D0013617E /* DrillsModel.swift in Sources */,
				DC6CD4E81F6607D8001B77CE /* SportsModel.swift in Sources */,
				DC6CD4C71F65BDEC001B77CE /* SportsDrillCategoryViewController.swift in Sources */,
				DC6CD4DF1F65FF3E001B77CE /* SDCTableViewCell.swift in Sources */,
				DC6CD4CE1F65DB5A001B77CE /* BaseTabBarControllerViewController.swift in Sources */,
				DC0E0E011F664C4C0013617E /* CategoryModel.swift in Sources */,
				DC59A60E1F55415D007CF44A /* AccountDetailsBaseViewController.swift in Sources */,
				DC59A5FA1F538E68007CF44A /* DrillBaseUITests.swift in Sources */,
			);
			runOnlyForDeploymentPostprocessing = 0;
		};
/* End PBXSourcesBuildPhase section */

/* Begin PBXTargetDependency section */
		DC59A5EC1F538E68007CF44A /* PBXTargetDependency */ = {
			isa = PBXTargetDependency;
			target = DC59A5D51F538E67007CF44A /* DrillBase */;
			targetProxy = DC59A5EB1F538E68007CF44A /* PBXContainerItemProxy */;
		};
		DC59A5F71F538E68007CF44A /* PBXTargetDependency */ = {
			isa = PBXTargetDependency;
			target = DC59A5D51F538E67007CF44A /* DrillBase */;
			targetProxy = DC59A5F61F538E68007CF44A /* PBXContainerItemProxy */;
		};
/* End PBXTargetDependency section */

/* Begin PBXVariantGroup section */
		DC59A5DD1F538E67007CF44A /* Main.storyboard */ = {
			isa = PBXVariantGroup;
			children = (
				DC59A5DE1F538E67007CF44A /* Base */,
			);
			name = Main.storyboard;
			sourceTree = "<group>";
		};
		DC59A5E21F538E67007CF44A /* LaunchScreen.storyboard */ = {
			isa = PBXVariantGroup;
			children = (
				DC59A5E31F538E67007CF44A /* Base */,
			);
			name = LaunchScreen.storyboard;
			sourceTree = "<group>";
		};
/* End PBXVariantGroup section */

/* Begin XCBuildConfiguration section */
		DC59A5FC1F538E68007CF44A /* Debug */ = {
			isa = XCBuildConfiguration;
			buildSettings = {
				ALWAYS_SEARCH_USER_PATHS = NO;
				CLANG_ANALYZER_NONNULL = YES;
				CLANG_CXX_LANGUAGE_STANDARD = "gnu++0x";
				CLANG_CXX_LIBRARY = "libc++";
				CLANG_ENABLE_MODULES = YES;
				CLANG_ENABLE_OBJC_ARC = YES;
				CLANG_WARN_BOOL_CONVERSION = YES;
				CLANG_WARN_CONSTANT_CONVERSION = YES;
				CLANG_WARN_DIRECT_OBJC_ISA_USAGE = YES_ERROR;
				CLANG_WARN_DOCUMENTATION_COMMENTS = YES;
				CLANG_WARN_EMPTY_BODY = YES;
				CLANG_WARN_ENUM_CONVERSION = YES;
				CLANG_WARN_INFINITE_RECURSION = YES;
				CLANG_WARN_INT_CONVERSION = YES;
				CLANG_WARN_OBJC_ROOT_CLASS = YES_ERROR;
				CLANG_WARN_SUSPICIOUS_MOVE = YES;
				CLANG_WARN_UNREACHABLE_CODE = YES;
				CLANG_WARN__DUPLICATE_METHOD_MATCH = YES;
				"CODE_SIGN_IDENTITY[sdk=iphoneos*]" = "iPhone Developer";
				COPY_PHASE_STRIP = NO;
				DEBUG_INFORMATION_FORMAT = dwarf;
				ENABLE_STRICT_OBJC_MSGSEND = YES;
				ENABLE_TESTABILITY = YES;
				GCC_C_LANGUAGE_STANDARD = gnu99;
				GCC_DYNAMIC_NO_PIC = NO;
				GCC_NO_COMMON_BLOCKS = YES;
				GCC_OPTIMIZATION_LEVEL = 0;
				GCC_PREPROCESSOR_DEFINITIONS = (
					"DEBUG=1",
					"$(inherited)",
				);
				GCC_WARN_64_TO_32_BIT_CONVERSION = YES;
				GCC_WARN_ABOUT_RETURN_TYPE = YES_ERROR;
				GCC_WARN_UNDECLARED_SELECTOR = YES;
				GCC_WARN_UNINITIALIZED_AUTOS = YES_AGGRESSIVE;
				GCC_WARN_UNUSED_FUNCTION = YES;
				GCC_WARN_UNUSED_VARIABLE = YES;
				IPHONEOS_DEPLOYMENT_TARGET = 10.2;
				MTL_ENABLE_DEBUG_INFO = YES;
				ONLY_ACTIVE_ARCH = YES;
				SDKROOT = iphoneos;
				SWIFT_ACTIVE_COMPILATION_CONDITIONS = DEBUG;
				SWIFT_OPTIMIZATION_LEVEL = "-Onone";
				TARGETED_DEVICE_FAMILY = "1,2";
			};
			name = Debug;
		};
		DC59A5FD1F538E68007CF44A /* Release */ = {
			isa = XCBuildConfiguration;
			buildSettings = {
				ALWAYS_SEARCH_USER_PATHS = NO;
				CLANG_ANALYZER_NONNULL = YES;
				CLANG_CXX_LANGUAGE_STANDARD = "gnu++0x";
				CLANG_CXX_LIBRARY = "libc++";
				CLANG_ENABLE_MODULES = YES;
				CLANG_ENABLE_OBJC_ARC = YES;
				CLANG_WARN_BOOL_CONVERSION = YES;
				CLANG_WARN_CONSTANT_CONVERSION = YES;
				CLANG_WARN_DIRECT_OBJC_ISA_USAGE = YES_ERROR;
				CLANG_WARN_DOCUMENTATION_COMMENTS = YES;
				CLANG_WARN_EMPTY_BODY = YES;
				CLANG_WARN_ENUM_CONVERSION = YES;
				CLANG_WARN_INFINITE_RECURSION = YES;
				CLANG_WARN_INT_CONVERSION = YES;
				CLANG_WARN_OBJC_ROOT_CLASS = YES_ERROR;
				CLANG_WARN_SUSPICIOUS_MOVE = YES;
				CLANG_WARN_UNREACHABLE_CODE = YES;
				CLANG_WARN__DUPLICATE_METHOD_MATCH = YES;
				"CODE_SIGN_IDENTITY[sdk=iphoneos*]" = "iPhone Developer";
				COPY_PHASE_STRIP = NO;
				DEBUG_INFORMATION_FORMAT = "dwarf-with-dsym";
				ENABLE_NS_ASSERTIONS = NO;
				ENABLE_STRICT_OBJC_MSGSEND = YES;
				GCC_C_LANGUAGE_STANDARD = gnu99;
				GCC_NO_COMMON_BLOCKS = YES;
				GCC_WARN_64_TO_32_BIT_CONVERSION = YES;
				GCC_WARN_ABOUT_RETURN_TYPE = YES_ERROR;
				GCC_WARN_UNDECLARED_SELECTOR = YES;
				GCC_WARN_UNINITIALIZED_AUTOS = YES_AGGRESSIVE;
				GCC_WARN_UNUSED_FUNCTION = YES;
				GCC_WARN_UNUSED_VARIABLE = YES;
				IPHONEOS_DEPLOYMENT_TARGET = 10.2;
				MTL_ENABLE_DEBUG_INFO = NO;
				SDKROOT = iphoneos;
				SWIFT_OPTIMIZATION_LEVEL = "-Owholemodule";
				TARGETED_DEVICE_FAMILY = "1,2";
				VALIDATE_PRODUCT = YES;
			};
			name = Release;
		};
		DC59A5FF1F538E68007CF44A /* Debug */ = {
			isa = XCBuildConfiguration;
			buildSettings = {
				ASSETCATALOG_COMPILER_APPICON_NAME = AppIcon;
				INFOPLIST_FILE = DrillBase/Info.plist;
				LD_RUNPATH_SEARCH_PATHS = "$(inherited) @executable_path/Frameworks";
				PRODUCT_BUNDLE_IDENTIFIER = Com.DrillBase..DrillBase;
				PRODUCT_NAME = "$(TARGET_NAME)";
				SWIFT_VERSION = 3.0;
			};
			name = Debug;
		};
		DC59A6001F538E68007CF44A /* Release */ = {
			isa = XCBuildConfiguration;
			buildSettings = {
				ASSETCATALOG_COMPILER_APPICON_NAME = AppIcon;
				INFOPLIST_FILE = DrillBase/Info.plist;
				LD_RUNPATH_SEARCH_PATHS = "$(inherited) @executable_path/Frameworks";
				PRODUCT_BUNDLE_IDENTIFIER = Com.DrillBase..DrillBase;
				PRODUCT_NAME = "$(TARGET_NAME)";
				SWIFT_VERSION = 3.0;
			};
			name = Release;
		};
		DC59A6021F538E68007CF44A /* Debug */ = {
			isa = XCBuildConfiguration;
			buildSettings = {
				ALWAYS_EMBED_SWIFT_STANDARD_LIBRARIES = YES;
				BUNDLE_LOADER = "$(TEST_HOST)";
				INFOPLIST_FILE = DrillBaseTests/Info.plist;
				LD_RUNPATH_SEARCH_PATHS = "$(inherited) @executable_path/Frameworks @loader_path/Frameworks";
				PRODUCT_BUNDLE_IDENTIFIER = Com.DrillBase..DrillBaseTests;
				PRODUCT_NAME = "$(TARGET_NAME)";
				SWIFT_VERSION = 3.0;
				TEST_HOST = "$(BUILT_PRODUCTS_DIR)/DrillBase.app/DrillBase";
			};
			name = Debug;
		};
		DC59A6031F538E68007CF44A /* Release */ = {
			isa = XCBuildConfiguration;
			buildSettings = {
				ALWAYS_EMBED_SWIFT_STANDARD_LIBRARIES = YES;
				BUNDLE_LOADER = "$(TEST_HOST)";
				INFOPLIST_FILE = DrillBaseTests/Info.plist;
				LD_RUNPATH_SEARCH_PATHS = "$(inherited) @executable_path/Frameworks @loader_path/Frameworks";
				PRODUCT_BUNDLE_IDENTIFIER = Com.DrillBase..DrillBaseTests;
				PRODUCT_NAME = "$(TARGET_NAME)";
				SWIFT_VERSION = 3.0;
				TEST_HOST = "$(BUILT_PRODUCTS_DIR)/DrillBase.app/DrillBase";
			};
			name = Release;
		};
		DC59A6051F538E68007CF44A /* Debug */ = {
			isa = XCBuildConfiguration;
			buildSettings = {
				ALWAYS_EMBED_SWIFT_STANDARD_LIBRARIES = YES;
				INFOPLIST_FILE = DrillBaseUITests/Info.plist;
				LD_RUNPATH_SEARCH_PATHS = "$(inherited) @executable_path/Frameworks @loader_path/Frameworks";
				PRODUCT_BUNDLE_IDENTIFIER = Com.DrillBase..DrillBaseUITests;
				PRODUCT_NAME = "$(TARGET_NAME)";
				SWIFT_VERSION = 3.0;
				TEST_TARGET_NAME = DrillBase;
			};
			name = Debug;
		};
		DC59A6061F538E68007CF44A /* Release */ = {
			isa = XCBuildConfiguration;
			buildSettings = {
				ALWAYS_EMBED_SWIFT_STANDARD_LIBRARIES = YES;
				INFOPLIST_FILE = DrillBaseUITests/Info.plist;
				LD_RUNPATH_SEARCH_PATHS = "$(inherited) @executable_path/Frameworks @loader_path/Frameworks";
				PRODUCT_BUNDLE_IDENTIFIER = Com.DrillBase..DrillBaseUITests;
				PRODUCT_NAME = "$(TARGET_NAME)";
				SWIFT_VERSION = 3.0;
				TEST_TARGET_NAME = DrillBase;
			};
			name = Release;
		};
/* End XCBuildConfiguration section */

/* Begin XCConfigurationList section */
		DC59A5D11F538E67007CF44A /* Build configuration list for PBXProject "DrillBase" */ = {
			isa = XCConfigurationList;
			buildConfigurations = (
				DC59A5FC1F538E68007CF44A /* Debug */,
				DC59A5FD1F538E68007CF44A /* Release */,
			);
			defaultConfigurationIsVisible = 0;
			defaultConfigurationName = Release;
		};
		DC59A5FE1F538E68007CF44A /* Build configuration list for PBXNativeTarget "DrillBase" */ = {
			isa = XCConfigurationList;
			buildConfigurations = (
				DC59A5FF1F538E68007CF44A /* Debug */,
				DC59A6001F538E68007CF44A /* Release */,
			);
			defaultConfigurationIsVisible = 0;
			defaultConfigurationName = Release;
		};
		DC59A6011F538E68007CF44A /* Build configuration list for PBXNativeTarget "DrillBaseTests" */ = {
			isa = XCConfigurationList;
			buildConfigurations = (
				DC59A6021F538E68007CF44A /* Debug */,
				DC59A6031F538E68007CF44A /* Release */,
			);
			defaultConfigurationIsVisible = 0;
			defaultConfigurationName = Release;
		};
		DC59A6041F538E68007CF44A /* Build configuration list for PBXNativeTarget "DrillBaseUITests" */ = {
			isa = XCConfigurationList;
			buildConfigurations = (
				DC59A6051F538E68007CF44A /* Debug */,
				DC59A6061F538E68007CF44A /* Release */,
			);
			defaultConfigurationIsVisible = 0;
			defaultConfigurationName = Release;
		};
/* End XCConfigurationList section */
	};
	rootObject = DC59A5CE1F538E67007CF44A /* Project object */;
}
